
Microsoft Visual Studio Solution File, Format Version 12.00
# Visual Studio Version 16
VisualStudioVersion = 16.0.30114.105
MinimumVisualStudioVersion = 10.0.40219.1
Project("{FAE04EC0-301F-11D3-BF4B-00C04F79EFBC}") = "Desert.Python.Api", "Desert.Python.Api\Desert.Python.Api.csproj", "{3929D87A-2668-452F-8876-A737D519F3A7}"
EndProject
Project("{FAE04EC0-301F-11D3-BF4B-00C04F79EFBC}") = "Desert.Python.Data", "Desert.Python.Data\Desert.Python.Data.csproj", "{A8CE55B2-F55A-491D-AF63-B67682D77FE2}"
EndProject
Project("{FAE04EC0-301F-11D3-BF4B-00C04F79EFBC}") = "Desert.Python.Domain", "Desert.Python.Domain\Desert.Python.Domain.csproj", "{9BBD8B29-236B-454D-8C0A-4E6662C9A266}"
EndProject
Project("{2150E333-8FDC-42A3-9474-1A3956D46DE8}") = "tests", "tests", "{7A37B62D-4FB0-4240-8761-FFCCD41C4B11}"
EndProject
Project("{FAE04EC0-301F-11D3-BF4B-00C04F79EFBC}") = "Desert.Python.Domain.Tests", "tests\Desert.Python.Domain.Tests\Desert.Python.Domain.Tests.csproj", "{414A6E59-50A2-4F6C-AB3F-9B683B782B40}"
EndProject
Global
	GlobalSection(SolutionConfigurationPlatforms) = preSolution
		Debug|Any CPU = Debug|Any CPU
		Release|Any CPU = Release|Any CPU
	EndGlobalSection
	GlobalSection(SolutionProperties) = preSolution
		HideSolutionNode = FALSE
	EndGlobalSection
	GlobalSection(ProjectConfigurationPlatforms) = postSolution
		{3929D87A-2668-452F-8876-A737D519F3A7}.Debug|Any CPU.ActiveCfg = Debug|Any CPU
		{3929D87A-2668-452F-8876-A737D519F3A7}.Debug|Any CPU.Build.0 = Debug|Any CPU
		{3929D87A-2668-452F-8876-A737D519F3A7}.Release|Any CPU.ActiveCfg = Release|Any CPU
		{3929D87A-2668-452F-8876-A737D519F3A7}.Release|Any CPU.Build.0 = Release|Any CPU
		{A8CE55B2-F55A-491D-AF63-B67682D77FE2}.Debug|Any CPU.ActiveCfg = Debug|Any CPU
		{A8CE55B2-F55A-491D-AF63-B67682D77FE2}.Debug|Any CPU.Build.0 = Debug|Any CPU
		{A8CE55B2-F55A-491D-AF63-B67682D77FE2}.Release|Any CPU.ActiveCfg = Release|Any CPU
		{A8CE55B2-F55A-491D-AF63-B67682D77FE2}.Release|Any CPU.Build.0 = Release|Any CPU
		{9BBD8B29-236B-454D-8C0A-4E6662C9A266}.Debug|Any CPU.ActiveCfg = Debug|Any CPU
		{9BBD8B29-236B-454D-8C0A-4E6662C9A266}.Debug|Any CPU.Build.0 = Debug|Any CPU
		{9BBD8B29-236B-454D-8C0A-4E6662C9A266}.Release|Any CPU.ActiveCfg = Release|Any CPU
		{9BBD8B29-236B-454D-8C0A-4E6662C9A266}.Release|Any CPU.Build.0 = Release|Any CPU
		{414A6E59-50A2-4F6C-AB3F-9B683B782B40}.Debug|Any CPU.ActiveCfg = Debug|Any CPU
		{414A6E59-50A2-4F6C-AB3F-9B683B782B40}.Debug|Any CPU.Build.0 = Debug|Any CPU
		{414A6E59-50A2-4F6C-AB3F-9B683B782B40}.Release|Any CPU.ActiveCfg = Release|Any CPU
		{414A6E59-50A2-4F6C-AB3F-9B683B782B40}.Release|Any CPU.Build.0 = Release|Any CPU
	EndGlobalSection
	GlobalSection(NestedProjects) = preSolution
		{414A6E59-50A2-4F6C-AB3F-9B683B782B40} = {7A37B62D-4FB0-4240-8761-FFCCD41C4B11}
	EndGlobalSection
EndGlobal
