
Microsoft Visual Studio Solution File, Format Version 12.00
# Visual Studio Version 16
VisualStudioVersion = 16.0.30114.105
MinimumVisualStudioVersion = 10.0.40219.1
Project("{FAE04EC0-301F-11D3-BF4B-00C04F79EFBC}") = "desert-python.Domain", "desert-python.Domain\desert-python.Domain.csproj", "{7636C8C3-713E-4BCF-B60A-D9FB64C52472}"
EndProject
Project("{FAE04EC0-301F-11D3-BF4B-00C04F79EFBC}") = "desert-python.Api", "desert-python.Api\desert-python.Api.csproj", "{1938D2B1-B2AD-43A0-8FCA-43DCD16E2A9C}"
EndProject
Global
	GlobalSection(SolutionConfigurationPlatforms) = preSolution
		Debug|Any CPU = Debug|Any CPU
		Release|Any CPU = Release|Any CPU
	EndGlobalSection
	GlobalSection(SolutionProperties) = preSolution
		HideSolutionNode = FALSE
	EndGlobalSection
	GlobalSection(ProjectConfigurationPlatforms) = postSolution
		{7636C8C3-713E-4BCF-B60A-D9FB64C52472}.Debug|Any CPU.ActiveCfg = Debug|Any CPU
		{7636C8C3-713E-4BCF-B60A-D9FB64C52472}.Debug|Any CPU.Build.0 = Debug|Any CPU
		{7636C8C3-713E-4BCF-B60A-D9FB64C52472}.Release|Any CPU.ActiveCfg = Release|Any CPU
		{7636C8C3-713E-4BCF-B60A-D9FB64C52472}.Release|Any CPU.Build.0 = Release|Any CPU
		{1938D2B1-B2AD-43A0-8FCA-43DCD16E2A9C}.Debug|Any CPU.ActiveCfg = Debug|Any CPU
		{1938D2B1-B2AD-43A0-8FCA-43DCD16E2A9C}.Debug|Any CPU.Build.0 = Debug|Any CPU
		{1938D2B1-B2AD-43A0-8FCA-43DCD16E2A9C}.Release|Any CPU.ActiveCfg = Release|Any CPU
		{1938D2B1-B2AD-43A0-8FCA-43DCD16E2A9C}.Release|Any CPU.Build.0 = Release|Any CPU
	EndGlobalSection
EndGlobal
